// !$*UTF8*$!
{
	archiveVersion = 1;
	classes = {
	};
	objectVersion = 56;
	objects = {

/* Begin PBXBuildFile section */
		B2E936DD2A067BA500C5AF4A /* AppDelegate.swift in Sources */ = {isa = PBXBuildFile; fileRef = B2E936DC2A067BA500C5AF4A /* AppDelegate.swift */; };
		B2E936DF2A067BA500C5AF4A /* SceneDelegate.swift in Sources */ = {isa = PBXBuildFile; fileRef = B2E936DE2A067BA500C5AF4A /* SceneDelegate.swift */; };
		B2E936E12A067BA600C5AF4A /* ItemsViewController.swift in Sources */ = {isa = PBXBuildFile; fileRef = B2E936E02A067BA500C5AF4A /* ItemsViewController.swift */; };
		B2E936E42A067BA600C5AF4A /* Main.storyboard in Resources */ = {isa = PBXBuildFile; fileRef = B2E936E22A067BA600C5AF4A /* Main.storyboard */; };
		B2E936E62A067BA600C5AF4A /* Assets.xcassets in Resources */ = {isa = PBXBuildFile; fileRef = B2E936E52A067BA600C5AF4A /* Assets.xcassets */; };
		B2E936E92A067BA600C5AF4A /* LaunchScreen.storyboard in Resources */ = {isa = PBXBuildFile; fileRef = B2E936E72A067BA600C5AF4A /* LaunchScreen.storyboard */; };
		B2E936F42A067BA600C5AF4A /* LootLoggerTests.swift in Sources */ = {isa = PBXBuildFile; fileRef = B2E936F32A067BA600C5AF4A /* LootLoggerTests.swift */; };
		B2E936FE2A067BA600C5AF4A /* LootLoggerUITests.swift in Sources */ = {isa = PBXBuildFile; fileRef = B2E936FD2A067BA600C5AF4A /* LootLoggerUITests.swift */; };
		B2E937002A067BA600C5AF4A /* LootLoggerUITestsLaunchTests.swift in Sources */ = {isa = PBXBuildFile; fileRef = B2E936FF2A067BA600C5AF4A /* LootLoggerUITestsLaunchTests.swift */; };
		B2E9370D2A067F3500C5AF4A /* Item.swift in Sources */ = {isa = PBXBuildFile; fileRef = B2E9370C2A067F3500C5AF4A /* Item.swift */; };
		B2E9370F2A06979C00C5AF4A /* ItemStore.swift in Sources */ = {isa = PBXBuildFile; fileRef = B2E9370E2A06979C00C5AF4A /* ItemStore.swift */; };
		B2E937112A0F689100C5AF4A /* ItemCell.swift in Sources */ = {isa = PBXBuildFile; fileRef = B2E937102A0F689100C5AF4A /* ItemCell.swift */; };
/* End PBXBuildFile section */

/* Begin PBXContainerItemProxy section */
		B2E936F02A067BA600C5AF4A /* PBXContainerItemProxy */ = {
			isa = PBXContainerItemProxy;
			containerPortal = B2E936D12A067BA500C5AF4A /* Project object */;
			proxyType = 1;
			remoteGlobalIDString = B2E936D82A067BA500C5AF4A;
			remoteInfo = LootLogger;
		};
		B2E936FA2A067BA600C5AF4A /* PBXContainerItemProxy */ = {
			isa = PBXContainerItemProxy;
			containerPortal = B2E936D12A067BA500C5AF4A /* Project object */;
			proxyType = 1;
			remoteGlobalIDString = B2E936D82A067BA500C5AF4A;
			remoteInfo = LootLogger;
		};
/* End PBXContainerItemProxy section */

/* Begin PBXFileReference section */
		B2E936D92A067BA500C5AF4A /* LootLogger.app */ = {isa = PBXFileReference; explicitFileType = wrapper.application; includeInIndex = 0; path = LootLogger.app; sourceTree = BUILT_PRODUCTS_DIR; };
		B2E936DC2A067BA500C5AF4A /* AppDelegate.swift */ = {isa = PBXFileReference; lastKnownFileType = sourcecode.swift; path = AppDelegate.swift; sourceTree = "<group>"; };
		B2E936DE2A067BA500C5AF4A /* SceneDelegate.swift */ = {isa = PBXFileReference; lastKnownFileType = sourcecode.swift; path = SceneDelegate.swift; sourceTree = "<group>"; };
		B2E936E02A067BA500C5AF4A /* ItemsViewController.swift */ = {isa = PBXFileReference; lastKnownFileType = sourcecode.swift; path = ItemsViewController.swift; sourceTree = "<group>"; };
		B2E936E32A067BA600C5AF4A /* Base */ = {isa = PBXFileReference; lastKnownFileType = file.storyboard; name = Base; path = Base.lproj/Main.storyboard; sourceTree = "<group>"; };
		B2E936E52A067BA600C5AF4A /* Assets.xcassets */ = {isa = PBXFileReference; lastKnownFileType = folder.assetcatalog; path = Assets.xcassets; sourceTree = "<group>"; };
		B2E936E82A067BA600C5AF4A /* Base */ = {isa = PBXFileReference; lastKnownFileType = file.storyboard; name = Base; path = Base.lproj/LaunchScreen.storyboard; sourceTree = "<group>"; };
		B2E936EA2A067BA600C5AF4A /* Info.plist */ = {isa = PBXFileReference; lastKnownFileType = text.plist.xml; path = Info.plist; sourceTree = "<group>"; };
		B2E936EF2A067BA600C5AF4A /* LootLoggerTests.xctest */ = {isa = PBXFileReference; explicitFileType = wrapper.cfbundle; includeInIndex = 0; path = LootLoggerTests.xctest; sourceTree = BUILT_PRODUCTS_DIR; };
		B2E936F32A067BA600C5AF4A /* LootLoggerTests.swift */ = {isa = PBXFileReference; lastKnownFileType = sourcecode.swift; path = LootLoggerTests.swift; sourceTree = "<group>"; };
		B2E936F92A067BA600C5AF4A /* LootLoggerUITests.xctest */ = {isa = PBXFileReference; explicitFileType = wrapper.cfbundle; includeInIndex = 0; path = LootLoggerUITests.xctest; sourceTree = BUILT_PRODUCTS_DIR; };
		B2E936FD2A067BA600C5AF4A /* LootLoggerUITests.swift */ = {isa = PBXFileReference; lastKnownFileType = sourcecode.swift; path = LootLoggerUITests.swift; sourceTree = "<group>"; };
		B2E936FF2A067BA600C5AF4A /* LootLoggerUITestsLaunchTests.swift */ = {isa = PBXFileReference; lastKnownFileType = sourcecode.swift; path = LootLoggerUITestsLaunchTests.swift; sourceTree = "<group>"; };
		B2E9370C2A067F3500C5AF4A /* Item.swift */ = {isa = PBXFileReference; lastKnownFileType = sourcecode.swift; path = Item.swift; sourceTree = "<group>"; };
		B2E9370E2A06979C00C5AF4A /* ItemStore.swift */ = {isa = PBXFileReference; lastKnownFileType = sourcecode.swift; path = ItemStore.swift; sourceTree = "<group>"; };
		B2E937102A0F689100C5AF4A /* ItemCell.swift */ = {isa = PBXFileReference; lastKnownFileType = sourcecode.swift; path = ItemCell.swift; sourceTree = "<group>"; };
/* End PBXFileReference section */

/* Begin PBXFrameworksBuildPhase section */
		B2E936D62A067BA500C5AF4A /* Frameworks */ = {
			isa = PBXFrameworksBuildPhase;
			buildActionMask = 2147483647;
			files = (
			);
			runOnlyForDeploymentPostprocessing = 0;
		};
		B2E936EC2A067BA600C5AF4A /* Frameworks */ = {
			isa = PBXFrameworksBuildPhase;
			buildActionMask = 2147483647;
			files = (
			);
			runOnlyForDeploymentPostprocessing = 0;
		};
		B2E936F62A067BA600C5AF4A /* Frameworks */ = {
			isa = PBXFrameworksBuildPhase;
			buildActionMask = 2147483647;
			files = (
			);
			runOnlyForDeploymentPostprocessing = 0;
		};
/* End PBXFrameworksBuildPhase section */

/* Begin PBXGroup section */
		B2E936D02A067BA500C5AF4A = {
			isa = PBXGroup;
			children = (
				B2E936DB2A067BA500C5AF4A /* LootLogger */,
				B2E936F22A067BA600C5AF4A /* LootLoggerTests */,
				B2E936FC2A067BA600C5AF4A /* LootLoggerUITests */,
				B2E936DA2A067BA500C5AF4A /* Products */,
			);
			sourceTree = "<group>";
		};
		B2E936DA2A067BA500C5AF4A /* Products */ = {
			isa = PBXGroup;
			children = (
				B2E936D92A067BA500C5AF4A /* LootLogger.app */,
				B2E936EF2A067BA600C5AF4A /* LootLoggerTests.xctest */,
				B2E936F92A067BA600C5AF4A /* LootLoggerUITests.xctest */,
			);
			name = Products;
			sourceTree = "<group>";
		};
		B2E936DB2A067BA500C5AF4A /* LootLogger */ = {
			isa = PBXGroup;
			children = (
				B2E936DC2A067BA500C5AF4A /* AppDelegate.swift */,
				B2E936DE2A067BA500C5AF4A /* SceneDelegate.swift */,
				B2E936E02A067BA500C5AF4A /* ItemsViewController.swift */,
				B2E936E22A067BA600C5AF4A /* Main.storyboard */,
				B2E936E52A067BA600C5AF4A /* Assets.xcassets */,
				B2E936E72A067BA600C5AF4A /* LaunchScreen.storyboard */,
				B2E936EA2A067BA600C5AF4A /* Info.plist */,
				B2E9370C2A067F3500C5AF4A /* Item.swift */,
				B2E9370E2A06979C00C5AF4A /* ItemStore.swift */,
				B2E937102A0F689100C5AF4A /* ItemCell.swift */,
			);
			path = LootLogger;
			sourceTree = "<group>";
		};
		B2E936F22A067BA600C5AF4A /* LootLoggerTests */ = {
			isa = PBXGroup;
			children = (
				B2E936F32A067BA600C5AF4A /* LootLoggerTests.swift */,
			);
			path = LootLoggerTests;
			sourceTree = "<group>";
		};
		B2E936FC2A067BA600C5AF4A /* LootLoggerUITests */ = {
			isa = PBXGroup;
			children = (
				B2E936FD2A067BA600C5AF4A /* LootLoggerUITests.swift */,
				B2E936FF2A067BA600C5AF4A /* LootLoggerUITestsLaunchTests.swift */,
			);
			path = LootLoggerUITests;
			sourceTree = "<group>";
		};
/* End PBXGroup section */

/* Begin PBXNativeTarget section */
		B2E936D82A067BA500C5AF4A /* LootLogger */ = {
			isa = PBXNativeTarget;
			buildConfigurationList = B2E937032A067BA600C5AF4A /* Build configuration list for PBXNativeTarget "LootLogger" */;
			buildPhases = (
				B2E936D52A067BA500C5AF4A /* Sources */,
				B2E936D62A067BA500C5AF4A /* Frameworks */,
				B2E936D72A067BA500C5AF4A /* Resources */,
			);
			buildRules = (
			);
			dependencies = (
			);
			name = LootLogger;
			productName = LootLogger;
			productReference = B2E936D92A067BA500C5AF4A /* LootLogger.app */;
			productType = "com.apple.product-type.application";
		};
		B2E936EE2A067BA600C5AF4A /* LootLoggerTests */ = {
			isa = PBXNativeTarget;
			buildConfigurationList = B2E937062A067BA600C5AF4A /* Build configuration list for PBXNativeTarget "LootLoggerTests" */;
			buildPhases = (
				B2E936EB2A067BA600C5AF4A /* Sources */,
				B2E936EC2A067BA600C5AF4A /* Frameworks */,
				B2E936ED2A067BA600C5AF4A /* Resources */,
			);
			buildRules = (
			);
			dependencies = (
				B2E936F12A067BA600C5AF4A /* PBXTargetDependency */,
			);
			name = LootLoggerTests;
			productName = LootLoggerTests;
			productReference = B2E936EF2A067BA600C5AF4A /* LootLoggerTests.xctest */;
			productType = "com.apple.product-type.bundle.unit-test";
		};
		B2E936F82A067BA600C5AF4A /* LootLoggerUITests */ = {
			isa = PBXNativeTarget;
			buildConfigurationList = B2E937092A067BA600C5AF4A /* Build configuration list for PBXNativeTarget "LootLoggerUITests" */;
			buildPhases = (
				B2E936F52A067BA600C5AF4A /* Sources */,
				B2E936F62A067BA600C5AF4A /* Frameworks */,
				B2E936F72A067BA600C5AF4A /* Resources */,
			);
			buildRules = (
			);
			dependencies = (
				B2E936FB2A067BA600C5AF4A /* PBXTargetDependency */,
			);
			name = LootLoggerUITests;
			productName = LootLoggerUITests;
			productReference = B2E936F92A067BA600C5AF4A /* LootLoggerUITests.xctest */;
			productType = "com.apple.product-type.bundle.ui-testing";
		};
/* End PBXNativeTarget section */

/* Begin PBXProject section */
		B2E936D12A067BA500C5AF4A /* Project object */ = {
			isa = PBXProject;
			attributes = {
				BuildIndependentTargetsInParallel = 1;
				LastSwiftUpdateCheck = 1420;
				LastUpgradeCheck = 1420;
				TargetAttributes = {
					B2E936D82A067BA500C5AF4A = {
						CreatedOnToolsVersion = 14.2;
					};
					B2E936EE2A067BA600C5AF4A = {
						CreatedOnToolsVersion = 14.2;
						TestTargetID = B2E936D82A067BA500C5AF4A;
					};
					B2E936F82A067BA600C5AF4A = {
						CreatedOnToolsVersion = 14.2;
						TestTargetID = B2E936D82A067BA500C5AF4A;
					};
				};
			};
			buildConfigurationList = B2E936D42A067BA500C5AF4A /* Build configuration list for PBXProject "LootLogger" */;
			compatibilityVersion = "Xcode 14.0";
			developmentRegion = en;
			hasScannedForEncodings = 0;
			knownRegions = (
				en,
				Base,
			);
			mainGroup = B2E936D02A067BA500C5AF4A;
			productRefGroup = B2E936DA2A067BA500C5AF4A /* Products */;
			projectDirPath = "";
			projectRoot = "";
			targets = (
				B2E936D82A067BA500C5AF4A /* LootLogger */,
				B2E936EE2A067BA600C5AF4A /* LootLoggerTests */,
				B2E936F82A067BA600C5AF4A /* LootLoggerUITests */,
			);
		};
/* End PBXProject section */

/* Begin PBXResourcesBuildPhase section */
		B2E936D72A067BA500C5AF4A /* Resources */ = {
			isa = PBXResourcesBuildPhase;
			buildActionMask = 2147483647;
			files = (
				B2E936E92A067BA600C5AF4A /* LaunchScreen.storyboard in Resources */,
				B2E936E62A067BA600C5AF4A /* Assets.xcassets in Resources */,
				B2E936E42A067BA600C5AF4A /* Main.storyboard in Resources */,
			);
			runOnlyForDeploymentPostprocessing = 0;
		};
		B2E936ED2A067BA600C5AF4A /* Resources */ = {
			isa = PBXResourcesBuildPhase;
			buildActionMask = 2147483647;
			files = (
			);
			runOnlyForDeploymentPostprocessing = 0;
		};
		B2E936F72A067BA600C5AF4A /* Resources */ = {
			isa = PBXResourcesBuildPhase;
			buildActionMask = 2147483647;
			files = (
			);
			runOnlyForDeploymentPostprocessing = 0;
		};
/* End PBXResourcesBuildPhase section */

/* Begin PBXSourcesBuildPhase section */
		B2E936D52A067BA500C5AF4A /* Sources */ = {
			isa = PBXSourcesBuildPhase;
			buildActionMask = 2147483647;
			files = (
				B2E9370D2A067F3500C5AF4A /* Item.swift in Sources */,
				B2E936E12A067BA600C5AF4A /* ItemsViewController.swift in Sources */,
				B2E937112A0F689100C5AF4A /* ItemCell.swift in Sources */,
				B2E936DD2A067BA500C5AF4A /* AppDelegate.swift in Sources */,
				B2E9370F2A06979C00C5AF4A /* ItemStore.swift in Sources */,
				B2E936DF2A067BA500C5AF4A /* SceneDelegate.swift in Sources */,
			);
			runOnlyForDeploymentPostprocessing = 0;
		};
		B2E936EB2A067BA600C5AF4A /* Sources */ = {
			isa = PBXSourcesBuildPhase;
			buildActionMask = 2147483647;
			files = (
				B2E936F42A067BA600C5AF4A /* LootLoggerTests.swift in Sources */,
			);
			runOnlyForDeploymentPostprocessing = 0;
		};
		B2E936F52A067BA600C5AF4A /* Sources */ = {
			isa = PBXSourcesBuildPhase;
			buildActionMask = 2147483647;
			files = (
				B2E937002A067BA600C5AF4A /* LootLoggerUITestsLaunchTests.swift in Sources */,
				B2E936FE2A067BA600C5AF4A /* LootLoggerUITests.swift in Sources */,
			);
			runOnlyForDeploymentPostprocessing = 0;
		};
/* End PBXSourcesBuildPhase section */

/* Begin PBXTargetDependency section */
		B2E936F12A067BA600C5AF4A /* PBXTargetDependency */ = {
			isa = PBXTargetDependency;
			target = B2E936D82A067BA500C5AF4A /* LootLogger */;
			targetProxy = B2E936F02A067BA600C5AF4A /* PBXContainerItemProxy */;
		};
		B2E936FB2A067BA600C5AF4A /* PBXTargetDependency */ = {
			isa = PBXTargetDependency;
			target = B2E936D82A067BA500C5AF4A /* LootLogger */;
			targetProxy = B2E936FA2A067BA600C5AF4A /* PBXContainerItemProxy */;
		};
/* End PBXTargetDependency section */

/* Begin PBXVariantGroup section */
		B2E936E22A067BA600C5AF4A /* Main.storyboard */ = {
			isa = PBXVariantGroup;
			children = (
				B2E936E32A067BA600C5AF4A /* Base */,
			);
			name = Main.storyboard;
			sourceTree = "<group>";
		};
		B2E936E72A067BA600C5AF4A /* LaunchScreen.storyboard */ = {
			isa = PBXVariantGroup;
			children = (
				B2E936E82A067BA600C5AF4A /* Base */,
			);
			name = LaunchScreen.storyboard;
			sourceTree = "<group>";
		};
/* End PBXVariantGroup section */

/* Begin XCBuildConfiguration section */
		B2E937012A067BA600C5AF4A /* Debug */ = {
			isa = XCBuildConfiguration;
			buildSettings = {
				ALWAYS_SEARCH_USER_PATHS = NO;
				CLANG_ANALYZER_NONNULL = YES;
				CLANG_ANALYZER_NUMBER_OBJECT_CONVERSION = YES_AGGRESSIVE;
				CLANG_CXX_LANGUAGE_STANDARD = "gnu++20";
				CLANG_ENABLE_MODULES = YES;
				CLANG_ENABLE_OBJC_ARC = YES;
				CLANG_ENABLE_OBJC_WEAK = YES;
				CLANG_WARN_BLOCK_CAPTURE_AUTORELEASING = YES;
				CLANG_WARN_BOOL_CONVERSION = YES;
				CLANG_WARN_COMMA = YES;
				CLANG_WARN_CONSTANT_CONVERSION = YES;
				CLANG_WARN_DEPRECATED_OBJC_IMPLEMENTATIONS = YES;
				CLANG_WARN_DIRECT_OBJC_ISA_USAGE = YES_ERROR;
				CLANG_WARN_DOCUMENTATION_COMMENTS = YES;
				CLANG_WARN_EMPTY_BODY = YES;
				CLANG_WARN_ENUM_CONVERSION = YES;
				CLANG_WARN_INFINITE_RECURSION = YES;
				CLANG_WARN_INT_CONVERSION = YES;
				CLANG_WARN_NON_LITERAL_NULL_CONVERSION = YES;
				CLANG_WARN_OBJC_IMPLICIT_RETAIN_SELF = YES;
				CLANG_WARN_OBJC_LITERAL_CONVERSION = YES;
				CLANG_WARN_OBJC_ROOT_CLASS = YES_ERROR;
				CLANG_WARN_QUOTED_INCLUDE_IN_FRAMEWORK_HEADER = YES;
				CLANG_WARN_RANGE_LOOP_ANALYSIS = YES;
				CLANG_WARN_STRICT_PROTOTYPES = YES;
				CLANG_WARN_SUSPICIOUS_MOVE = YES;
				CLANG_WARN_UNGUARDED_AVAILABILITY = YES_AGGRESSIVE;
				CLANG_WARN_UNREACHABLE_CODE = YES;
				CLANG_WARN__DUPLICATE_METHOD_MATCH = YES;
				COPY_PHASE_STRIP = NO;
				DEBUG_INFORMATION_FORMAT = dwarf;
				ENABLE_STRICT_OBJC_MSGSEND = YES;
				ENABLE_TESTABILITY = YES;
				GCC_C_LANGUAGE_STANDARD = gnu11;
				GCC_DYNAMIC_NO_PIC = NO;
				GCC_NO_COMMON_BLOCKS = YES;
				GCC_OPTIMIZATION_LEVEL = 0;
				GCC_PREPROCESSOR_DEFINITIONS = (
					"DEBUG=1",
					"$(inherited)",
				);
				GCC_WARN_64_TO_32_BIT_CONVERSION = YES;
				GCC_WARN_ABOUT_RETURN_TYPE = YES_ERROR;
				GCC_WARN_UNDECLARED_SELECTOR = YES;
				GCC_WARN_UNINITIALIZED_AUTOS = YES_AGGRESSIVE;
				GCC_WARN_UNUSED_FUNCTION = YES;
				GCC_WARN_UNUSED_VARIABLE = YES;
				IPHONEOS_DEPLOYMENT_TARGET = 16.2;
				MTL_ENABLE_DEBUG_INFO = INCLUDE_SOURCE;
				MTL_FAST_MATH = YES;
				ONLY_ACTIVE_ARCH = YES;
				SDKROOT = iphoneos;
				SWIFT_ACTIVE_COMPILATION_CONDITIONS = DEBUG;
				SWIFT_OPTIMIZATION_LEVEL = "-Onone";
			};
			name = Debug;
		};
		B2E937022A067BA600C5AF4A /* Release */ = {
			isa = XCBuildConfiguration;
			buildSettings = {
				ALWAYS_SEARCH_USER_PATHS = NO;
				CLANG_ANALYZER_NONNULL = YES;
				CLANG_ANALYZER_NUMBER_OBJECT_CONVERSION = YES_AGGRESSIVE;
				CLANG_CXX_LANGUAGE_STANDARD = "gnu++20";
				CLANG_ENABLE_MODULES = YES;
				CLANG_ENABLE_OBJC_ARC = YES;
				CLANG_ENABLE_OBJC_WEAK = YES;
				CLANG_WARN_BLOCK_CAPTURE_AUTORELEASING = YES;
				CLANG_WARN_BOOL_CONVERSION = YES;
				CLANG_WARN_COMMA = YES;
				CLANG_WARN_CONSTANT_CONVERSION = YES;
				CLANG_WARN_DEPRECATED_OBJC_IMPLEMENTATIONS = YES;
				CLANG_WARN_DIRECT_OBJC_ISA_USAGE = YES_ERROR;
				CLANG_WARN_DOCUMENTATION_COMMENTS = YES;
				CLANG_WARN_EMPTY_BODY = YES;
				CLANG_WARN_ENUM_CONVERSION = YES;
				CLANG_WARN_INFINITE_RECURSION = YES;
				CLANG_WARN_INT_CONVERSION = YES;
				CLANG_WARN_NON_LITERAL_NULL_CONVERSION = YES;
				CLANG_WARN_OBJC_IMPLICIT_RETAIN_SELF = YES;
				CLANG_WARN_OBJC_LITERAL_CONVERSION = YES;
				CLANG_WARN_OBJC_ROOT_CLASS = YES_ERROR;
				CLANG_WARN_QUOTED_INCLUDE_IN_FRAMEWORK_HEADER = YES;
				CLANG_WARN_RANGE_LOOP_ANALYSIS = YES;
				CLANG_WARN_STRICT_PROTOTYPES = YES;
				CLANG_WARN_SUSPICIOUS_MOVE = YES;
				CLANG_WARN_UNGUARDED_AVAILABILITY = YES_AGGRESSIVE;
				CLANG_WARN_UNREACHABLE_CODE = YES;
				CLANG_WARN__DUPLICATE_METHOD_MATCH = YES;
				COPY_PHASE_STRIP = NO;
				DEBUG_INFORMATION_FORMAT = "dwarf-with-dsym";
				ENABLE_NS_ASSERTIONS = NO;
				ENABLE_STRICT_OBJC_MSGSEND = YES;
				GCC_C_LANGUAGE_STANDARD = gnu11;
				GCC_NO_COMMON_BLOCKS = YES;
				GCC_WARN_64_TO_32_BIT_CONVERSION = YES;
				GCC_WARN_ABOUT_RETURN_TYPE = YES_ERROR;
				GCC_WARN_UNDECLARED_SELECTOR = YES;
				GCC_WARN_UNINITIALIZED_AUTOS = YES_AGGRESSIVE;
				GCC_WARN_UNUSED_FUNCTION = YES;
				GCC_WARN_UNUSED_VARIABLE = YES;
				IPHONEOS_DEPLOYMENT_TARGET = 16.2;
				MTL_ENABLE_DEBUG_INFO = NO;
				MTL_FAST_MATH = YES;
				SDKROOT = iphoneos;
				SWIFT_COMPILATION_MODE = wholemodule;
				SWIFT_OPTIMIZATION_LEVEL = "-O";
				VALIDATE_PRODUCT = YES;
			};
			name = Release;
		};
		B2E937042A067BA600C5AF4A /* Debug */ = {
			isa = XCBuildConfiguration;
			buildSettings = {
				ASSETCATALOG_COMPILER_APPICON_NAME = AppIcon;
				ASSETCATALOG_COMPILER_GLOBAL_ACCENT_COLOR_NAME = AccentColor;
				CODE_SIGN_STYLE = Automatic;
				CURRENT_PROJECT_VERSION = 1;
				DEVELOPMENT_TEAM = 25U3MQXV7V;
				GENERATE_INFOPLIST_FILE = YES;
				INFOPLIST_FILE = LootLogger/Info.plist;
				INFOPLIST_KEY_UIApplicationSupportsIndirectInputEvents = YES;
				INFOPLIST_KEY_UILaunchStoryboardName = LaunchScreen;
				INFOPLIST_KEY_UIMainStoryboardFile = Main;
				INFOPLIST_KEY_UISupportedInterfaceOrientations_iPad = "UIInterfaceOrientationPortrait UIInterfaceOrientationPortraitUpsideDown UIInterfaceOrientationLandscapeLeft UIInterfaceOrientationLandscapeRight";
				INFOPLIST_KEY_UISupportedInterfaceOrientations_iPhone = "UIInterfaceOrientationPortrait UIInterfaceOrientationLandscapeLeft UIInterfaceOrientationLandscapeRight";
				LD_RUNPATH_SEARCH_PATHS = (
					"$(inherited)",
					"@executable_path/Frameworks",
				);
				MARKETING_VERSION = 1.0;
				PRODUCT_BUNDLE_IDENTIFIER = Noumenon.LootLogger;
				PRODUCT_NAME = "$(TARGET_NAME)";
				SWIFT_EMIT_LOC_STRINGS = YES;
				SWIFT_VERSION = 5.0;
				TARGETED_DEVICE_FAMILY = "1,2";
			};
			name = Debug;
		};
		B2E937052A067BA600C5AF4A /* Release */ = {
			isa = XCBuildConfiguration;
			buildSettings = {
				ASSETCATALOG_COMPILER_APPICON_NAME = AppIcon;
				ASSETCATALOG_COMPILER_GLOBAL_ACCENT_COLOR_NAME = AccentColor;
				CODE_SIGN_STYLE = Automatic;
				CURRENT_PROJECT_VERSION = 1;
				DEVELOPMENT_TEAM = 25U3MQXV7V;
				GENERATE_INFOPLIST_FILE = YES;
				INFOPLIST_FILE = LootLogger/Info.plist;
				INFOPLIST_KEY_UIApplicationSupportsIndirectInputEvents = YES;
				INFOPLIST_KEY_UILaunchStoryboardName = LaunchScreen;
				INFOPLIST_KEY_UIMainStoryboardFile = Main;
				INFOPLIST_KEY_UISupportedInterfaceOrientations_iPad = "UIInterfaceOrientationPortrait UIInterfaceOrientationPortraitUpsideDown UIInterfaceOrientationLandscapeLeft UIInterfaceOrientationLandscapeRight";
				INFOPLIST_KEY_UISupportedInterfaceOrientations_iPhone = "UIInterfaceOrientationPortrait UIInterfaceOrientationLandscapeLeft UIInterfaceOrientationLandscapeRight";
				LD_RUNPATH_SEARCH_PATHS = (
					"$(inherited)",
					"@executable_path/Frameworks",
				);
				MARKETING_VERSION = 1.0;
				PRODUCT_BUNDLE_IDENTIFIER = Noumenon.LootLogger;
				PRODUCT_NAME = "$(TARGET_NAME)";
				SWIFT_EMIT_LOC_STRINGS = YES;
				SWIFT_VERSION = 5.0;
				TARGETED_DEVICE_FAMILY = "1,2";
			};
			name = Release;
		};
		B2E937072A067BA600C5AF4A /* Debug */ = {
			isa = XCBuildConfiguration;
			buildSettings = {
				ALWAYS_EMBED_SWIFT_STANDARD_LIBRARIES = YES;
				BUNDLE_LOADER = "$(TEST_HOST)";
				CODE_SIGN_STYLE = Automatic;
				CURRENT_PROJECT_VERSION = 1;
				DEVELOPMENT_TEAM = 25U3MQXV7V;
				GENERATE_INFOPLIST_FILE = YES;
				IPHONEOS_DEPLOYMENT_TARGET = 16.2;
				MARKETING_VERSION = 1.0;
				PRODUCT_BUNDLE_IDENTIFIER = Noumenon.LootLoggerTests;
				PRODUCT_NAME = "$(TARGET_NAME)";
				SWIFT_EMIT_LOC_STRINGS = NO;
				SWIFT_VERSION = 5.0;
				TARGETED_DEVICE_FAMILY = "1,2";
				TEST_HOST = "$(BUILT_PRODUCTS_DIR)/LootLogger.app/$(BUNDLE_EXECUTABLE_FOLDER_PATH)/LootLogger";
			};
			name = Debug;
		};
		B2E937082A067BA600C5AF4A /* Release */ = {
			isa = XCBuildConfiguration;
			buildSettings = {
				ALWAYS_EMBED_SWIFT_STANDARD_LIBRARIES = YES;
				BUNDLE_LOADER = "$(TEST_HOST)";
				CODE_SIGN_STYLE = Automatic;
				CURRENT_PROJECT_VERSION = 1;
				DEVELOPMENT_TEAM = 25U3MQXV7V;
				GENERATE_INFOPLIST_FILE = YES;
				IPHONEOS_DEPLOYMENT_TARGET = 16.2;
				MARKETING_VERSION = 1.0;
				PRODUCT_BUNDLE_IDENTIFIER = Noumenon.LootLoggerTests;
				PRODUCT_NAME = "$(TARGET_NAME)";
				SWIFT_EMIT_LOC_STRINGS = NO;
				SWIFT_VERSION = 5.0;
				TARGETED_DEVICE_FAMILY = "1,2";
				TEST_HOST = "$(BUILT_PRODUCTS_DIR)/LootLogger.app/$(BUNDLE_EXECUTABLE_FOLDER_PATH)/LootLogger";
			};
			name = Release;
		};
		B2E9370A2A067BA600C5AF4A /* Debug */ = {
			isa = XCBuildConfiguration;
			buildSettings = {
				ALWAYS_EMBED_SWIFT_STANDARD_LIBRARIES = YES;
				CODE_SIGN_STYLE = Automatic;
				CURRENT_PROJECT_VERSION = 1;
				DEVELOPMENT_TEAM = 25U3MQXV7V;
				GENERATE_INFOPLIST_FILE = YES;
				MARKETING_VERSION = 1.0;
				PRODUCT_BUNDLE_IDENTIFIER = Noumenon.LootLoggerUITests;
				PRODUCT_NAME = "$(TARGET_NAME)";
				SWIFT_EMIT_LOC_STRINGS = NO;
				SWIFT_VERSION = 5.0;
				TARGETED_DEVICE_FAMILY = "1,2";
				TEST_TARGET_NAME = LootLogger;
			};
			name = Debug;
		};
		B2E9370B2A067BA600C5AF4A /* Release */ = {
			isa = XCBuildConfiguration;
			buildSettings = {
				ALWAYS_EMBED_SWIFT_STANDARD_LIBRARIES = YES;
				CODE_SIGN_STYLE = Automatic;
				CURRENT_PROJECT_VERSION = 1;
				DEVELOPMENT_TEAM = 25U3MQXV7V;
				GENERATE_INFOPLIST_FILE = YES;
				MARKETING_VERSION = 1.0;
				PRODUCT_BUNDLE_IDENTIFIER = Noumenon.LootLoggerUITests;
				PRODUCT_NAME = "$(TARGET_NAME)";
				SWIFT_EMIT_LOC_STRINGS = NO;
				SWIFT_VERSION = 5.0;
				TARGETED_DEVICE_FAMILY = "1,2";
				TEST_TARGET_NAME = LootLogger;
			};
			name = Release;
		};
/* End XCBuildConfiguration section */

/* Begin XCConfigurationList section */
		B2E936D42A067BA500C5AF4A /* Build configuration list for PBXProject "LootLogger" */ = {
			isa = XCConfigurationList;
			buildConfigurations = (
				B2E937012A067BA600C5AF4A /* Debug */,
				B2E937022A067BA600C5AF4A /* Release */,
			);
			defaultConfigurationIsVisible = 0;
			defaultConfigurationName = Release;
		};
		B2E937032A067BA600C5AF4A /* Build configuration list for PBXNativeTarget "LootLogger" */ = {
			isa = XCConfigurationList;
			buildConfigurations = (
				B2E937042A067BA600C5AF4A /* Debug */,
				B2E937052A067BA600C5AF4A /* Release */,
			);
			defaultConfigurationIsVisible = 0;
			defaultConfigurationName = Release;
		};
		B2E937062A067BA600C5AF4A /* Build configuration list for PBXNativeTarget "LootLoggerTests" */ = {
			isa = XCConfigurationList;
			buildConfigurations = (
				B2E937072A067BA600C5AF4A /* Debug */,
				B2E937082A067BA600C5AF4A /* Release */,
			);
			defaultConfigurationIsVisible = 0;
			defaultConfigurationName = Release;
		};
		B2E937092A067BA600C5AF4A /* Build configuration list for PBXNativeTarget "LootLoggerUITests" */ = {
			isa = XCConfigurationList;
			buildConfigurations = (
				B2E9370A2A067BA600C5AF4A /* Debug */,
				B2E9370B2A067BA600C5AF4A /* Release */,
			);
			defaultConfigurationIsVisible = 0;
			defaultConfigurationName = Release;
		};
/* End XCConfigurationList section */
	};
	rootObject = B2E936D12A067BA500C5AF4A /* Project object */;
}
